
Microsoft Visual Studio Solution File, Format Version 12.00
# Visual Studio Version 16
VisualStudioVersion = 16.0.36128.20
MinimumVisualStudioVersion = 10.0.40219.1
Project("{FAE04EC0-301F-11D3-BF4B-00C04F79EFBC}") = "EverestPatch", "EverestPatch.csproj", "{8CB574DE-8A22-4521-AB8E-24F86F467483}"
EndProject
Global
	GlobalSection(SolutionConfigurationPlatforms) = preSolution
		Debug|Any CPU = Debug|Any CPU
		Release|Any CPU = Release|Any CPU
	EndGlobalSection
	GlobalSection(ProjectConfigurationPlatforms) = postSolution
		{8CB574DE-8A22-4521-AB8E-24F86F467483}.Debug|Any CPU.ActiveCfg = Debug|Any CPU
		{8CB574DE-8A22-4521-AB8E-24F86F467483}.Debug|Any CPU.Build.0 = Debug|Any CPU
		{8CB574DE-8A22-4521-AB8E-24F86F467483}.Release|Any CPU.ActiveCfg = Release|Any CPU
		{8CB574DE-8A22-4521-AB8E-24F86F467483}.Release|Any CPU.Build.0 = Release|Any CPU
	EndGlobalSection
	GlobalSection(SolutionProperties) = preSolution
		HideSolutionNode = FALSE
	EndGlobalSection
	GlobalSection(ExtensibilityGlobals) = postSolution
		SolutionGuid = {D228195B-4C8F-48DA-80EF-A7625D73D206}
	EndGlobalSection
EndGlobal
