
Microsoft Visual Studio Solution File, Format Version 12.00
# Visual Studio Version 16
VisualStudioVersion = 16.0.36128.20
MinimumVisualStudioVersion = 10.0.40219.1
Project("{FAE04EC0-301F-11D3-BF4B-00C04F79EFBC}") = "EverestMiniInstallerPatch", "EverestMiniInstallerPatch.csproj", "{4E3DC9D4-7780-4C3C-B868-EEF79105F0F2}"
EndProject
Global
	GlobalSection(SolutionConfigurationPlatforms) = preSolution
		Debug|Any CPU = Debug|Any CPU
		Release|Any CPU = Release|Any CPU
	EndGlobalSection
	GlobalSection(ProjectConfigurationPlatforms) = postSolution
		{4E3DC9D4-7780-4C3C-B868-EEF79105F0F2}.Debug|Any CPU.ActiveCfg = Debug|Any CPU
		{4E3DC9D4-7780-4C3C-B868-EEF79105F0F2}.Debug|Any CPU.Build.0 = Debug|Any CPU
		{4E3DC9D4-7780-4C3C-B868-EEF79105F0F2}.Release|Any CPU.ActiveCfg = Release|Any CPU
		{4E3DC9D4-7780-4C3C-B868-EEF79105F0F2}.Release|Any CPU.Build.0 = Release|Any CPU
	EndGlobalSection
	GlobalSection(SolutionProperties) = preSolution
		HideSolutionNode = FALSE
	EndGlobalSection
	GlobalSection(ExtensibilityGlobals) = postSolution
		SolutionGuid = {D228195B-4C8F-48DA-80EF-A7625D73D206}
	EndGlobalSection
EndGlobal
